
Microsoft Visual Studio Solution File, Format Version 12.00
# Visual Studio Version 17
VisualStudioVersion = 17.8.34330.188
MinimumVisualStudioVersion = 10.0.40219.1
Project("{9A19103F-16F7-4668-BE54-9A1E7A4F7556}") = "ALM.Integrations.Services.Dev", "src\ALM.Integrations.Services.Dev.csproj", "{EAD7DCCF-143D-463B-A7D1-29C84D4435D1}"
EndProject
Project("{9A19103F-16F7-4668-BE54-9A1E7A4F7556}") = "ALM.Integrations.Common", "..\ALM.Integrations.Common\src\ALM.Integrations.Common.csproj", "{5B08E209-A345-40C3-BBFC-192009A803DA}"
EndProject
Project("{FAE04EC0-301F-11D3-BF4B-00C04F79EFBC}") = "ALM.Integration.Services.Test", "test\ALM.Integration.Services.Test.csproj", "{2EE9E20D-C8DE-4426-B467-389FE6A7F60D}"
EndProject
Global
	GlobalSection(SolutionConfigurationPlatforms) = preSolution
		Debug|Any CPU = Debug|Any CPU
		Release|Any CPU = Release|Any CPU
	EndGlobalSection
	GlobalSection(ProjectConfigurationPlatforms) = postSolution
		{EAD7DCCF-143D-463B-A7D1-29C84D4435D1}.Debug|Any CPU.ActiveCfg = Debug|Any CPU
		{EAD7DCCF-143D-463B-A7D1-29C84D4435D1}.Debug|Any CPU.Build.0 = Debug|Any CPU
		{EAD7DCCF-143D-463B-A7D1-29C84D4435D1}.Release|Any CPU.ActiveCfg = Release|Any CPU
		{EAD7DCCF-143D-463B-A7D1-29C84D4435D1}.Release|Any CPU.Build.0 = Release|Any CPU
		{5B08E209-A345-40C3-BBFC-192009A803DA}.Debug|Any CPU.ActiveCfg = Debug|Any CPU
		{5B08E209-A345-40C3-BBFC-192009A803DA}.Debug|Any CPU.Build.0 = Debug|Any CPU
		{5B08E209-A345-40C3-BBFC-192009A803DA}.Release|Any CPU.ActiveCfg = Release|Any CPU
		{5B08E209-A345-40C3-BBFC-192009A803DA}.Release|Any CPU.Build.0 = Release|Any CPU
		{2EE9E20D-C8DE-4426-B467-389FE6A7F60D}.Debug|Any CPU.ActiveCfg = Debug|Any CPU
		{2EE9E20D-C8DE-4426-B467-389FE6A7F60D}.Debug|Any CPU.Build.0 = Debug|Any CPU
		{2EE9E20D-C8DE-4426-B467-389FE6A7F60D}.Release|Any CPU.ActiveCfg = Release|Any CPU
		{2EE9E20D-C8DE-4426-B467-389FE6A7F60D}.Release|Any CPU.Build.0 = Release|Any CPU
	EndGlobalSection
	GlobalSection(SolutionProperties) = preSolution
		HideSolutionNode = FALSE
	EndGlobalSection
	GlobalSection(ExtensibilityGlobals) = postSolution
		SolutionGuid = {679ABF04-99D8-4137-82AB-DFFE59134212}
	EndGlobalSection
EndGlobal
